
Microsoft Visual Studio Solution File, Format Version 12.00
# Visual Studio Version 16
VisualStudioVersion = 16.0.31205.134
MinimumVisualStudioVersion = 10.0.40219.1
Project("{FAE04EC0-301F-11D3-BF4B-00C04F79EFBC}") = "Redarbor", "Redarbor\Redarbor.csproj", "{4CBE977C-F5ED-4F9F-81EA-6F3B1F469A75}"
EndProject
Project("{FAE04EC0-301F-11D3-BF4B-00C04F79EFBC}") = "Model", "Model\Model.csproj", "{78CFD989-9671-4AA0-B977-0AE6FE4DC158}"
EndProject
Project("{FAE04EC0-301F-11D3-BF4B-00C04F79EFBC}") = "BL", "BL\BL.csproj", "{628928BE-A669-4CB5-8919-598B407392A1}"
EndProject
Global
	GlobalSection(SolutionConfigurationPlatforms) = preSolution
		Debug|Any CPU = Debug|Any CPU
		Release|Any CPU = Release|Any CPU
	EndGlobalSection
	GlobalSection(ProjectConfigurationPlatforms) = postSolution
		{4CBE977C-F5ED-4F9F-81EA-6F3B1F469A75}.Debug|Any CPU.ActiveCfg = Debug|Any CPU
		{4CBE977C-F5ED-4F9F-81EA-6F3B1F469A75}.Debug|Any CPU.Build.0 = Debug|Any CPU
		{4CBE977C-F5ED-4F9F-81EA-6F3B1F469A75}.Release|Any CPU.ActiveCfg = Release|Any CPU
		{4CBE977C-F5ED-4F9F-81EA-6F3B1F469A75}.Release|Any CPU.Build.0 = Release|Any CPU
		{78CFD989-9671-4AA0-B977-0AE6FE4DC158}.Debug|Any CPU.ActiveCfg = Debug|Any CPU
		{78CFD989-9671-4AA0-B977-0AE6FE4DC158}.Debug|Any CPU.Build.0 = Debug|Any CPU
		{78CFD989-9671-4AA0-B977-0AE6FE4DC158}.Release|Any CPU.ActiveCfg = Release|Any CPU
		{78CFD989-9671-4AA0-B977-0AE6FE4DC158}.Release|Any CPU.Build.0 = Release|Any CPU
		{628928BE-A669-4CB5-8919-598B407392A1}.Debug|Any CPU.ActiveCfg = Debug|Any CPU
		{628928BE-A669-4CB5-8919-598B407392A1}.Debug|Any CPU.Build.0 = Debug|Any CPU
		{628928BE-A669-4CB5-8919-598B407392A1}.Release|Any CPU.ActiveCfg = Release|Any CPU
		{628928BE-A669-4CB5-8919-598B407392A1}.Release|Any CPU.Build.0 = Release|Any CPU
	EndGlobalSection
	GlobalSection(SolutionProperties) = preSolution
		HideSolutionNode = FALSE
	EndGlobalSection
	GlobalSection(ExtensibilityGlobals) = postSolution
		SolutionGuid = {5DB2C3E9-12F2-419E-874F-E18E3F24791A}
	EndGlobalSection
EndGlobal
